// !$*UTF8*$!
{
	archiveVersion = 1;
	classes = {
	};
	objectVersion = 50;
	objects = {

/* Begin PBXBuildFile section */
		16012261247269B000C8688A /* main.cpp in Sources */ = {isa = PBXBuildFile; fileRef = 16012260247269B000C8688A /* main.cpp */; };
		1601226924726F8900C8688A /* SqList.cpp in Sources */ = {isa = PBXBuildFile; fileRef = 1601226724726F8900C8688A /* SqList.cpp */; };
		161A267325710214006C6CB1 /* 02_greedy.cpp in Sources */ = {isa = PBXBuildFile; fileRef = 161A267225710214006C6CB1 /* 02_greedy.cpp */; };
		161DEAF12508799E00293D0A /* 1000_A_B_Problem.c in Sources */ = {isa = PBXBuildFile; fileRef = 161DEAF02508799E00293D0A /* 1000_A_B_Problem.c */; };
		161DEAF325087B0100293D0A /* main_template.c in Sources */ = {isa = PBXBuildFile; fileRef = 161DEAF225087B0100293D0A /* main_template.c */; };
		1620BFDE2613286100FA24F6 /* SeqList.cpp in Sources */ = {isa = PBXBuildFile; fileRef = 1620BFDC2613286100FA24F6 /* SeqList.cpp */; };
		E67C99FC2693E59E003A16FE /* test_sqlist.cpp in Sources */ = {isa = PBXBuildFile; fileRef = E67C99FA2693E59E003A16FE /* test_sqlist.cpp */; };
		E67C9A012697D9ED003A16FE /* SqList_Q.cpp in Sources */ = {isa = PBXBuildFile; fileRef = E67C99FF2697D9ED003A16FE /* SqList_Q.cpp */; };
		E67C9A0B269835EB003A16FE /* Tool.cpp in Sources */ = {isa = PBXBuildFile; fileRef = E67C9A09269835EB003A16FE /* Tool.cpp */; };
		E67C9A112699731A003A16FE /* LinkList.cpp in Sources */ = {isa = PBXBuildFile; fileRef = E67C9A0F2699731A003A16FE /* LinkList.cpp */; };
		E67C9A18269976C9003A16FE /* test_linklist.cpp in Sources */ = {isa = PBXBuildFile; fileRef = E67C9A16269976C9003A16FE /* test_linklist.cpp */; };
		E67C9A1F26A510AA003A16FE /* DLinklist.cpp in Sources */ = {isa = PBXBuildFile; fileRef = E67C9A1D26A510AA003A16FE /* DLinklist.cpp */; };
		E67C9A2926A527E8003A16FE /* LinkList_Q.cpp in Sources */ = {isa = PBXBuildFile; fileRef = E67C9A2726A527E8003A16FE /* LinkList_Q.cpp */; };
		E691B05A26E8A0170099CB11 /* SqStack.cpp in Sources */ = {isa = PBXBuildFile; fileRef = E691B05826E8A0170099CB11 /* SqStack.cpp */; };
		E691B05F26E8A5A70099CB11 /* test_sqstack.cpp in Sources */ = {isa = PBXBuildFile; fileRef = E691B05D26E8A5A70099CB11 /* test_sqstack.cpp */; };
		E691B06526EF9EF20099CB11 /* LiStack.cpp in Sources */ = {isa = PBXBuildFile; fileRef = E691B06326EF9EF20099CB11 /* LiStack.cpp */; };
		E691B06926FD97400099CB11 /* Stack_Q.cpp in Sources */ = {isa = PBXBuildFile; fileRef = E691B06726FD97400099CB11 /* Stack_Q.cpp */; };
		E691B07426FDB4260099CB11 /* SqQueue.cpp in Sources */ = {isa = PBXBuildFile; fileRef = E691B07226FDB4260099CB11 /* SqQueue.cpp */; };
		E691B07A26FDB7CD0099CB11 /* test_sqqueue.cpp in Sources */ = {isa = PBXBuildFile; fileRef = E691B07826FDB7CD0099CB11 /* test_sqqueue.cpp */; };
		E691B08126FDBF600099CB11 /* LinkQueue.cpp in Sources */ = {isa = PBXBuildFile; fileRef = E691B07F26FDBF600099CB11 /* LinkQueue.cpp */; };
		E691B08527003D960099CB11 /* Queue_Q.cpp in Sources */ = {isa = PBXBuildFile; fileRef = E691B08327003D960099CB11 /* Queue_Q.cpp */; };
/* End PBXBuildFile section */

/* Begin PBXCopyFilesBuildPhase section */
		1601225B247269B000C8688A /* CopyFiles */ = {
			isa = PBXCopyFilesBuildPhase;
			buildActionMask = 2147483647;
			dstPath = /usr/share/man/man1/;
			dstSubfolderSpec = 0;
			files = (
			);
			runOnlyForDeploymentPostprocessing = 1;
		};
/* End PBXCopyFilesBuildPhase section */

/* Begin PBXFileReference section */
		1601225D247269B000C8688A /* DKCProject */ = {isa = PBXFileReference; explicitFileType = "compiled.mach-o.executable"; includeInIndex = 0; path = DKCProject; sourceTree = BUILT_PRODUCTS_DIR; };
		16012260247269B000C8688A /* main.cpp */ = {isa = PBXFileReference; lastKnownFileType = sourcecode.cpp.cpp; path = main.cpp; sourceTree = "<group>"; wrapsLines = 0; };
		1601226724726F8900C8688A /* SqList.cpp */ = {isa = PBXFileReference; lastKnownFileType = sourcecode.cpp.cpp; path = SqList.cpp; sourceTree = "<group>"; };
		1601226824726F8900C8688A /* SqList.hpp */ = {isa = PBXFileReference; lastKnownFileType = sourcecode.cpp.h; path = SqList.hpp; sourceTree = "<group>"; };
		161A267225710214006C6CB1 /* 02_greedy.cpp */ = {isa = PBXFileReference; lastKnownFileType = sourcecode.cpp.cpp; path = 02_greedy.cpp; sourceTree = "<group>"; };
		161A26762571050F006C6CB1 /* 02_greedy.hpp */ = {isa = PBXFileReference; lastKnownFileType = sourcecode.cpp.h; path = 02_greedy.hpp; sourceTree = "<group>"; };
		161DEAF02508799E00293D0A /* 1000_A_B_Problem.c */ = {isa = PBXFileReference; lastKnownFileType = sourcecode.c.c; path = 1000_A_B_Problem.c; sourceTree = "<group>"; };
		161DEAF225087B0100293D0A /* main_template.c */ = {isa = PBXFileReference; lastKnownFileType = sourcecode.c.c; path = main_template.c; sourceTree = "<group>"; };
		1620BFDC2613286100FA24F6 /* SeqList.cpp */ = {isa = PBXFileReference; lastKnownFileType = sourcecode.cpp.cpp; path = SeqList.cpp; sourceTree = "<group>"; };
		1620BFDD2613286100FA24F6 /* SeqList.hpp */ = {isa = PBXFileReference; lastKnownFileType = sourcecode.cpp.h; path = SeqList.hpp; sourceTree = "<group>"; };
		E67C99FA2693E59E003A16FE /* test_sqlist.cpp */ = {isa = PBXFileReference; lastKnownFileType = sourcecode.cpp.cpp; path = test_sqlist.cpp; sourceTree = "<group>"; };
		E67C99FF2697D9ED003A16FE /* SqList_Q.cpp */ = {isa = PBXFileReference; lastKnownFileType = sourcecode.cpp.cpp; path = SqList_Q.cpp; sourceTree = "<group>"; };
		E67C9A002697D9ED003A16FE /* SqList_Q.hpp */ = {isa = PBXFileReference; lastKnownFileType = sourcecode.cpp.h; path = SqList_Q.hpp; sourceTree = "<group>"; };
		E67C9A09269835EB003A16FE /* Tool.cpp */ = {isa = PBXFileReference; lastKnownFileType = sourcecode.cpp.cpp; path = Tool.cpp; sourceTree = "<group>"; };
		E67C9A0A269835EB003A16FE /* Tool.hpp */ = {isa = PBXFileReference; lastKnownFileType = sourcecode.cpp.h; path = Tool.hpp; sourceTree = "<group>"; };
		E67C9A0F2699731A003A16FE /* LinkList.cpp */ = {isa = PBXFileReference; lastKnownFileType = sourcecode.cpp.cpp; path = LinkList.cpp; sourceTree = "<group>"; };
		E67C9A102699731A003A16FE /* LinkList.hpp */ = {isa = PBXFileReference; lastKnownFileType = sourcecode.cpp.h; path = LinkList.hpp; sourceTree = "<group>"; };
		E67C9A1326997396003A16FE /* Header.h */ = {isa = PBXFileReference; lastKnownFileType = sourcecode.c.h; path = Header.h; sourceTree = "<group>"; };
		E67C9A16269976C9003A16FE /* test_linklist.cpp */ = {isa = PBXFileReference; lastKnownFileType = sourcecode.cpp.cpp; path = test_linklist.cpp; sourceTree = "<group>"; };
		E67C9A1B269979EF003A16FE /* Test.h */ = {isa = PBXFileReference; lastKnownFileType = sourcecode.c.h; path = Test.h; sourceTree = "<group>"; };
		E67C9A1D26A510AA003A16FE /* DLinklist.cpp */ = {isa = PBXFileReference; lastKnownFileType = sourcecode.cpp.cpp; path = DLinklist.cpp; sourceTree = "<group>"; };
		E67C9A1E26A510AA003A16FE /* DLinklist.hpp */ = {isa = PBXFileReference; lastKnownFileType = sourcecode.cpp.h; path = DLinklist.hpp; sourceTree = "<group>"; };
		E67C9A2426A515CD003A16FE /* test_linklist.hpp */ = {isa = PBXFileReference; lastKnownFileType = sourcecode.cpp.h; path = test_linklist.hpp; sourceTree = "<group>"; };
		E67C9A2526A515CD003A16FE /* test_sqlist.hpp */ = {isa = PBXFileReference; lastKnownFileType = sourcecode.cpp.h; path = test_sqlist.hpp; sourceTree = "<group>"; };
		E67C9A2726A527E8003A16FE /* LinkList_Q.cpp */ = {isa = PBXFileReference; lastKnownFileType = sourcecode.cpp.cpp; path = LinkList_Q.cpp; sourceTree = "<group>"; };
		E67C9A2826A527E8003A16FE /* LinkList_Q.hpp */ = {isa = PBXFileReference; lastKnownFileType = sourcecode.cpp.h; path = LinkList_Q.hpp; sourceTree = "<group>"; };
		E691B05826E8A0170099CB11 /* SqStack.cpp */ = {isa = PBXFileReference; lastKnownFileType = sourcecode.cpp.cpp; path = SqStack.cpp; sourceTree = "<group>"; };
		E691B05926E8A0170099CB11 /* SqStack.hpp */ = {isa = PBXFileReference; lastKnownFileType = sourcecode.cpp.h; path = SqStack.hpp; sourceTree = "<group>"; };
		E691B05D26E8A5A70099CB11 /* test_sqstack.cpp */ = {isa = PBXFileReference; lastKnownFileType = sourcecode.cpp.cpp; path = test_sqstack.cpp; sourceTree = "<group>"; };
		E691B05E26E8A5A70099CB11 /* test_sqstack.hpp */ = {isa = PBXFileReference; lastKnownFileType = sourcecode.cpp.h; path = test_sqstack.hpp; sourceTree = "<group>"; };
		E691B06326EF9EF20099CB11 /* LiStack.cpp */ = {isa = PBXFileReference; lastKnownFileType = sourcecode.cpp.cpp; path = LiStack.cpp; sourceTree = "<group>"; };
		E691B06426EF9EF20099CB11 /* LiStack.hpp */ = {isa = PBXFileReference; lastKnownFileType = sourcecode.cpp.h; path = LiStack.hpp; sourceTree = "<group>"; };
		E691B06726FD97400099CB11 /* Stack_Q.cpp */ = {isa = PBXFileReference; lastKnownFileType = sourcecode.cpp.cpp; path = Stack_Q.cpp; sourceTree = "<group>"; };
		E691B06826FD97400099CB11 /* Stack_Q.hpp */ = {isa = PBXFileReference; lastKnownFileType = sourcecode.cpp.h; path = Stack_Q.hpp; sourceTree = "<group>"; };
		E691B07226FDB4260099CB11 /* SqQueue.cpp */ = {isa = PBXFileReference; lastKnownFileType = sourcecode.cpp.cpp; path = SqQueue.cpp; sourceTree = "<group>"; };
		E691B07326FDB4260099CB11 /* SqQueue.hpp */ = {isa = PBXFileReference; lastKnownFileType = sourcecode.cpp.h; path = SqQueue.hpp; sourceTree = "<group>"; };
		E691B07826FDB7CD0099CB11 /* test_sqqueue.cpp */ = {isa = PBXFileReference; lastKnownFileType = sourcecode.cpp.cpp; path = test_sqqueue.cpp; sourceTree = "<group>"; };
		E691B07926FDB7CD0099CB11 /* test_sqqueue.hpp */ = {isa = PBXFileReference; lastKnownFileType = sourcecode.cpp.h; path = test_sqqueue.hpp; sourceTree = "<group>"; };
		E691B07F26FDBF600099CB11 /* LinkQueue.cpp */ = {isa = PBXFileReference; lastKnownFileType = sourcecode.cpp.cpp; path = LinkQueue.cpp; sourceTree = "<group>"; };
		E691B08026FDBF600099CB11 /* LinkQueue.hpp */ = {isa = PBXFileReference; lastKnownFileType = sourcecode.cpp.h; path = LinkQueue.hpp; sourceTree = "<group>"; };
		E691B08327003D960099CB11 /* Queue_Q.cpp */ = {isa = PBXFileReference; lastKnownFileType = sourcecode.cpp.cpp; path = Queue_Q.cpp; sourceTree = "<group>"; };
		E691B08427003D960099CB11 /* Queue_Q.hpp */ = {isa = PBXFileReference; lastKnownFileType = sourcecode.cpp.h; path = Queue_Q.hpp; sourceTree = "<group>"; };
/* End PBXFileReference section */

/* Begin PBXFrameworksBuildPhase section */
		1601225A247269B000C8688A /* Frameworks */ = {
			isa = PBXFrameworksBuildPhase;
			buildActionMask = 2147483647;
			files = (
			);
			runOnlyForDeploymentPostprocessing = 0;
		};
/* End PBXFrameworksBuildPhase section */

/* Begin PBXGroup section */
		16012254247269B000C8688A = {
			isa = PBXGroup;
			children = (
				1601225F247269B000C8688A /* DKCProject */,
				1601225E247269B000C8688A /* Products */,
			);
			sourceTree = "<group>";
		};
		1601225E247269B000C8688A /* Products */ = {
			isa = PBXGroup;
			children = (
				1601225D247269B000C8688A /* DKCProject */,
			);
			name = Products;
			sourceTree = "<group>";
		};
		1601225F247269B000C8688A /* DKCProject */ = {
			isa = PBXGroup;
			children = (
				16012260247269B000C8688A /* main.cpp */,
				E691B07026FDB3B10099CB11 /* Queue */,
				E691B05626E89FD80099CB11 /* Stack */,
				161A266F2570FC59006C6CB1 /* List */,
				E67C9A08269835CC003A16FE /* 0_Tool */,
				161DEAEF2508796D00293D0A /* bailian */,
				161A26702570FC6D006C6CB1 /* leetCode101 */,
			);
			path = DKCProject;
			sourceTree = "<group>";
		};
		161A266F2570FC59006C6CB1 /* List */ = {
			isa = PBXGroup;
			children = (
				E67C9A152699769E003A16FE /* 0_Test */,
				E67C99FE2697D9B1003A16FE /* SqList */,
				E67C9A0D269972E7003A16FE /* SeqList */,
				E67C9A0E269972FE003A16FE /* LinkList */,
			);
			path = List;
			sourceTree = "<group>";
		};
		161A26702570FC6D006C6CB1 /* leetCode101 */ = {
			isa = PBXGroup;
			children = (
				161A26762571050F006C6CB1 /* 02_greedy.hpp */,
				161A267225710214006C6CB1 /* 02_greedy.cpp */,
			);
			path = leetCode101;
			sourceTree = "<group>";
		};
		161DEAEF2508796D00293D0A /* bailian */ = {
			isa = PBXGroup;
			children = (
				161DEAF02508799E00293D0A /* 1000_A_B_Problem.c */,
				161DEAF225087B0100293D0A /* main_template.c */,
			);
			path = bailian;
			sourceTree = "<group>";
		};
		E67C99FE2697D9B1003A16FE /* SqList */ = {
			isa = PBXGroup;
			children = (
				1601226824726F8900C8688A /* SqList.hpp */,
				1601226724726F8900C8688A /* SqList.cpp */,
				E67C9A002697D9ED003A16FE /* SqList_Q.hpp */,
				E67C99FF2697D9ED003A16FE /* SqList_Q.cpp */,
			);
			path = SqList;
			sourceTree = "<group>";
		};
		E67C9A08269835CC003A16FE /* 0_Tool */ = {
			isa = PBXGroup;
			children = (
				E67C9A0A269835EB003A16FE /* Tool.hpp */,
				E67C9A09269835EB003A16FE /* Tool.cpp */,
				E67C9A1326997396003A16FE /* Header.h */,
			);
			path = 0_Tool;
			sourceTree = "<group>";
		};
		E67C9A0D269972E7003A16FE /* SeqList */ = {
			isa = PBXGroup;
			children = (
				1620BFDD2613286100FA24F6 /* SeqList.hpp */,
				1620BFDC2613286100FA24F6 /* SeqList.cpp */,
			);
			path = SeqList;
			sourceTree = "<group>";
		};
		E67C9A0E269972FE003A16FE /* LinkList */ = {
			isa = PBXGroup;
			children = (
				E67C9A0F2699731A003A16FE /* LinkList.cpp */,
				E67C9A102699731A003A16FE /* LinkList.hpp */,
				E67C9A1D26A510AA003A16FE /* DLinklist.cpp */,
				E67C9A1E26A510AA003A16FE /* DLinklist.hpp */,
				E67C9A2726A527E8003A16FE /* LinkList_Q.cpp */,
				E67C9A2826A527E8003A16FE /* LinkList_Q.hpp */,
			);
			path = LinkList;
			sourceTree = "<group>";
		};
		E67C9A152699769E003A16FE /* 0_Test */ = {
			isa = PBXGroup;
			children = (
				E67C9A2526A515CD003A16FE /* test_sqlist.hpp */,
				E67C99FA2693E59E003A16FE /* test_sqlist.cpp */,
				E67C9A2426A515CD003A16FE /* test_linklist.hpp */,
				E67C9A16269976C9003A16FE /* test_linklist.cpp */,
				E67C9A1B269979EF003A16FE /* Test.h */,
			);
			path = 0_Test;
			sourceTree = "<group>";
		};
		E691B05626E89FD80099CB11 /* Stack */ = {
			isa = PBXGroup;
			children = (
				E691B05C26E8A58A0099CB11 /* 0_Test */,
				E691B05726E89FED0099CB11 /* SqStack */,
				E691B06226EF9ED30099CB11 /* LiStack */,
			);
			path = Stack;
			sourceTree = "<group>";
		};
		E691B05726E89FED0099CB11 /* SqStack */ = {
			isa = PBXGroup;
			children = (
				E691B06826FD97400099CB11 /* Stack_Q.hpp */,
				E691B06726FD97400099CB11 /* Stack_Q.cpp */,
				E691B05926E8A0170099CB11 /* SqStack.hpp */,
				E691B05826E8A0170099CB11 /* SqStack.cpp */,
			);
			path = SqStack;
			sourceTree = "<group>";
		};
		E691B05C26E8A58A0099CB11 /* 0_Test */ = {
			isa = PBXGroup;
			children = (
				E691B05E26E8A5A70099CB11 /* test_sqstack.hpp */,
				E691B05D26E8A5A70099CB11 /* test_sqstack.cpp */,
			);
			path = 0_Test;
			sourceTree = "<group>";
		};
		E691B06226EF9ED30099CB11 /* LiStack */ = {
			isa = PBXGroup;
			children = (
				E691B06326EF9EF20099CB11 /* LiStack.cpp */,
				E691B06426EF9EF20099CB11 /* LiStack.hpp */,
			);
			path = LiStack;
			sourceTree = "<group>";
		};
		E691B07026FDB3B10099CB11 /* Queue */ = {
			isa = PBXGroup;
			children = (
				E691B07726FDB79D0099CB11 /* 0_Test */,
				E691B07E26FDBF420099CB11 /* LinkQueue */,
				E691B07D26FDBF300099CB11 /* SqQueue */,
			);
			path = Queue;
			sourceTree = "<group>";
		};
		E691B07726FDB79D0099CB11 /* 0_Test */ = {
			isa = PBXGroup;
			children = (
				E691B07826FDB7CD0099CB11 /* test_sqqueue.cpp */,
				E691B07926FDB7CD0099CB11 /* test_sqqueue.hpp */,
			);
			path = 0_Test;
			sourceTree = "<group>";
		};
		E691B07D26FDBF300099CB11 /* SqQueue */ = {
			isa = PBXGroup;
			children = (
				E691B07226FDB4260099CB11 /* SqQueue.cpp */,
				E691B07326FDB4260099CB11 /* SqQueue.hpp */,
				E691B08327003D960099CB11 /* Queue_Q.cpp */,
				E691B08427003D960099CB11 /* Queue_Q.hpp */,
			);
			name = SqQueue;
			path = SqQueue/SqQueue;
			sourceTree = "<group>";
		};
		E691B07E26FDBF420099CB11 /* LinkQueue */ = {
			isa = PBXGroup;
			children = (
				E691B07F26FDBF600099CB11 /* LinkQueue.cpp */,
				E691B08026FDBF600099CB11 /* LinkQueue.hpp */,
			);
			path = LinkQueue;
			sourceTree = "<group>";
		};
/* End PBXGroup section */

/* Begin PBXNativeTarget section */
		1601225C247269B000C8688A /* DKCProject */ = {
			isa = PBXNativeTarget;
			buildConfigurationList = 16012264247269B000C8688A /* Build configuration list for PBXNativeTarget "DKCProject" */;
			buildPhases = (
				16012259247269B000C8688A /* Sources */,
				1601225A247269B000C8688A /* Frameworks */,
				1601225B247269B000C8688A /* CopyFiles */,
			);
			buildRules = (
			);
			dependencies = (
			);
			name = DKCProject;
			productName = DKCProject;
			productReference = 1601225D247269B000C8688A /* DKCProject */;
			productType = "com.apple.product-type.tool";
		};
/* End PBXNativeTarget section */

/* Begin PBXProject section */
		16012255247269B000C8688A /* Project object */ = {
			isa = PBXProject;
			attributes = {
				LastUpgradeCheck = 1130;
				ORGANIZATIONNAME = dk;
				TargetAttributes = {
					1601225C247269B000C8688A = {
						CreatedOnToolsVersion = 11.3;
					};
				};
			};
			buildConfigurationList = 16012258247269B000C8688A /* Build configuration list for PBXProject "DKCProject" */;
			compatibilityVersion = "Xcode 9.3";
			developmentRegion = en;
			hasScannedForEncodings = 0;
			knownRegions = (
				en,
				Base,
			);
			mainGroup = 16012254247269B000C8688A;
			productRefGroup = 1601225E247269B000C8688A /* Products */;
			projectDirPath = "";
			projectRoot = "";
			targets = (
				1601225C247269B000C8688A /* DKCProject */,
			);
		};
/* End PBXProject section */

/* Begin PBXSourcesBuildPhase section */
		16012259247269B000C8688A /* Sources */ = {
			isa = PBXSourcesBuildPhase;
			buildActionMask = 2147483647;
			files = (
				E691B05A26E8A0170099CB11 /* SqStack.cpp in Sources */,
				E67C9A1F26A510AA003A16FE /* DLinklist.cpp in Sources */,
				E67C9A0B269835EB003A16FE /* Tool.cpp in Sources */,
				E67C9A2926A527E8003A16FE /* LinkList_Q.cpp in Sources */,
				E67C9A18269976C9003A16FE /* test_linklist.cpp in Sources */,
				E691B08126FDBF600099CB11 /* LinkQueue.cpp in Sources */,
				161DEAF325087B0100293D0A /* main_template.c in Sources */,
				16012261247269B000C8688A /* main.cpp in Sources */,
				E691B07426FDB4260099CB11 /* SqQueue.cpp in Sources */,
				E691B06526EF9EF20099CB11 /* LiStack.cpp in Sources */,
				E691B08527003D960099CB11 /* Queue_Q.cpp in Sources */,
				161A267325710214006C6CB1 /* 02_greedy.cpp in Sources */,
				1620BFDE2613286100FA24F6 /* SeqList.cpp in Sources */,
				1601226924726F8900C8688A /* SqList.cpp in Sources */,
				E67C9A012697D9ED003A16FE /* SqList_Q.cpp in Sources */,
				161DEAF12508799E00293D0A /* 1000_A_B_Problem.c in Sources */,
				E67C99FC2693E59E003A16FE /* test_sqlist.cpp in Sources */,
				E67C9A112699731A003A16FE /* LinkList.cpp in Sources */,
				E691B06926FD97400099CB11 /* Stack_Q.cpp in Sources */,
				E691B05F26E8A5A70099CB11 /* test_sqstack.cpp in Sources */,
				E691B07A26FDB7CD0099CB11 /* test_sqqueue.cpp in Sources */,
			);
			runOnlyForDeploymentPostprocessing = 0;
		};
/* End PBXSourcesBuildPhase section */

/* Begin XCBuildConfiguration section */
		16012262247269B000C8688A /* Debug */ = {
			isa = XCBuildConfiguration;
			buildSettings = {
				ALWAYS_SEARCH_USER_PATHS = NO;
				CLANG_ANALYZER_NONNULL = YES;
				CLANG_ANALYZER_NUMBER_OBJECT_CONVERSION = YES_AGGRESSIVE;
				CLANG_CXX_LANGUAGE_STANDARD = "gnu++14";
				CLANG_CXX_LIBRARY = "libc++";
				CLANG_ENABLE_MODULES = YES;
				CLANG_ENABLE_OBJC_ARC = YES;
				CLANG_ENABLE_OBJC_WEAK = YES;
				CLANG_WARN_BLOCK_CAPTURE_AUTORELEASING = YES;
				CLANG_WARN_BOOL_CONVERSION = YES;
				CLANG_WARN_COMMA = YES;
				CLANG_WARN_CONSTANT_CONVERSION = YES;
				CLANG_WARN_DEPRECATED_OBJC_IMPLEMENTATIONS = YES;
				CLANG_WARN_DIRECT_OBJC_ISA_USAGE = YES_ERROR;
				CLANG_WARN_DOCUMENTATION_COMMENTS = YES;
				CLANG_WARN_EMPTY_BODY = YES;
				CLANG_WARN_ENUM_CONVERSION = YES;
				CLANG_WARN_INFINITE_RECURSION = YES;
				CLANG_WARN_INT_CONVERSION = YES;
				CLANG_WARN_NON_LITERAL_NULL_CONVERSION = YES;
				CLANG_WARN_OBJC_IMPLICIT_RETAIN_SELF = YES;
				CLANG_WARN_OBJC_LITERAL_CONVERSION = YES;
				CLANG_WARN_OBJC_ROOT_CLASS = YES_ERROR;
				CLANG_WARN_RANGE_LOOP_ANALYSIS = YES;
				CLANG_WARN_STRICT_PROTOTYPES = YES;
				CLANG_WARN_SUSPICIOUS_MOVE = YES;
				CLANG_WARN_UNGUARDED_AVAILABILITY = YES_AGGRESSIVE;
				CLANG_WARN_UNREACHABLE_CODE = YES;
				CLANG_WARN__DUPLICATE_METHOD_MATCH = YES;
				COPY_PHASE_STRIP = NO;
				DEBUG_INFORMATION_FORMAT = dwarf;
				ENABLE_STRICT_OBJC_MSGSEND = YES;
				ENABLE_TESTABILITY = YES;
				GCC_C_LANGUAGE_STANDARD = gnu11;
				GCC_DYNAMIC_NO_PIC = NO;
				GCC_NO_COMMON_BLOCKS = YES;
				GCC_OPTIMIZATION_LEVEL = 0;
				GCC_PREPROCESSOR_DEFINITIONS = (
					"DEBUG=1",
					"$(inherited)",
				);
				GCC_WARN_64_TO_32_BIT_CONVERSION = YES;
				GCC_WARN_ABOUT_RETURN_TYPE = YES_ERROR;
				GCC_WARN_UNDECLARED_SELECTOR = YES;
				GCC_WARN_UNINITIALIZED_AUTOS = YES_AGGRESSIVE;
				GCC_WARN_UNUSED_FUNCTION = YES;
				GCC_WARN_UNUSED_VARIABLE = YES;
				MACOSX_DEPLOYMENT_TARGET = 10.14;
				MTL_ENABLE_DEBUG_INFO = INCLUDE_SOURCE;
				MTL_FAST_MATH = YES;
				ONLY_ACTIVE_ARCH = YES;
				SDKROOT = macosx;
			};
			name = Debug;
		};
		16012263247269B000C8688A /* Release */ = {
			isa = XCBuildConfiguration;
			buildSettings = {
				ALWAYS_SEARCH_USER_PATHS = NO;
				CLANG_ANALYZER_NONNULL = YES;
				CLANG_ANALYZER_NUMBER_OBJECT_CONVERSION = YES_AGGRESSIVE;
				CLANG_CXX_LANGUAGE_STANDARD = "gnu++14";
				CLANG_CXX_LIBRARY = "libc++";
				CLANG_ENABLE_MODULES = YES;
				CLANG_ENABLE_OBJC_ARC = YES;
				CLANG_ENABLE_OBJC_WEAK = YES;
				CLANG_WARN_BLOCK_CAPTURE_AUTORELEASING = YES;
				CLANG_WARN_BOOL_CONVERSION = YES;
				CLANG_WARN_COMMA = YES;
				CLANG_WARN_CONSTANT_CONVERSION = YES;
				CLANG_WARN_DEPRECATED_OBJC_IMPLEMENTATIONS = YES;
				CLANG_WARN_DIRECT_OBJC_ISA_USAGE = YES_ERROR;
				CLANG_WARN_DOCUMENTATION_COMMENTS = YES;
				CLANG_WARN_EMPTY_BODY = YES;
				CLANG_WARN_ENUM_CONVERSION = YES;
				CLANG_WARN_INFINITE_RECURSION = YES;
				CLANG_WARN_INT_CONVERSION = YES;
				CLANG_WARN_NON_LITERAL_NULL_CONVERSION = YES;
				CLANG_WARN_OBJC_IMPLICIT_RETAIN_SELF = YES;
				CLANG_WARN_OBJC_LITERAL_CONVERSION = YES;
				CLANG_WARN_OBJC_ROOT_CLASS = YES_ERROR;
				CLANG_WARN_RANGE_LOOP_ANALYSIS = YES;
				CLANG_WARN_STRICT_PROTOTYPES = YES;
				CLANG_WARN_SUSPICIOUS_MOVE = YES;
				CLANG_WARN_UNGUARDED_AVAILABILITY = YES_AGGRESSIVE;
				CLANG_WARN_UNREACHABLE_CODE = YES;
				CLANG_WARN__DUPLICATE_METHOD_MATCH = YES;
				COPY_PHASE_STRIP = NO;
				DEBUG_INFORMATION_FORMAT = "dwarf-with-dsym";
				ENABLE_NS_ASSERTIONS = NO;
				ENABLE_STRICT_OBJC_MSGSEND = YES;
				GCC_C_LANGUAGE_STANDARD = gnu11;
				GCC_NO_COMMON_BLOCKS = YES;
				GCC_WARN_64_TO_32_BIT_CONVERSION = YES;
				GCC_WARN_ABOUT_RETURN_TYPE = YES_ERROR;
				GCC_WARN_UNDECLARED_SELECTOR = YES;
				GCC_WARN_UNINITIALIZED_AUTOS = YES_AGGRESSIVE;
				GCC_WARN_UNUSED_FUNCTION = YES;
				GCC_WARN_UNUSED_VARIABLE = YES;
				MACOSX_DEPLOYMENT_TARGET = 10.14;
				MTL_ENABLE_DEBUG_INFO = NO;
				MTL_FAST_MATH = YES;
				SDKROOT = macosx;
			};
			name = Release;
		};
		16012265247269B000C8688A /* Debug */ = {
			isa = XCBuildConfiguration;
			buildSettings = {
				CODE_SIGN_IDENTITY = "Apple Development";
				CODE_SIGN_STYLE = Automatic;
				DEVELOPMENT_TEAM = CLFQNFJ548;
				ENABLE_HARDENED_RUNTIME = YES;
				PRODUCT_NAME = "$(TARGET_NAME)";
				PROVISIONING_PROFILE_SPECIFIER = "";
			};
			name = Debug;
		};
		16012266247269B000C8688A /* Release */ = {
			isa = XCBuildConfiguration;
			buildSettings = {
				CODE_SIGN_IDENTITY = "Apple Development";
				CODE_SIGN_STYLE = Automatic;
				DEVELOPMENT_TEAM = CLFQNFJ548;
				ENABLE_HARDENED_RUNTIME = YES;
				PRODUCT_NAME = "$(TARGET_NAME)";
				PROVISIONING_PROFILE_SPECIFIER = "";
			};
			name = Release;
		};
/* End XCBuildConfiguration section */

/* Begin XCConfigurationList section */
		16012258247269B000C8688A /* Build configuration list for PBXProject "DKCProject" */ = {
			isa = XCConfigurationList;
			buildConfigurations = (
				16012262247269B000C8688A /* Debug */,
				16012263247269B000C8688A /* Release */,
			);
			defaultConfigurationIsVisible = 0;
			defaultConfigurationName = Release;
		};
		16012264247269B000C8688A /* Build configuration list for PBXNativeTarget "DKCProject" */ = {
			isa = XCConfigurationList;
			buildConfigurations = (
				16012265247269B000C8688A /* Debug */,
				16012266247269B000C8688A /* Release */,
			);
			defaultConfigurationIsVisible = 0;
			defaultConfigurationName = Release;
		};
/* End XCConfigurationList section */
	};
	rootObject = 16012255247269B000C8688A /* Project object */;
}
